PGHOST='ep-proud-dream-18386781.us-east-2.aws.neon.tech'
PGDATABASE='bbNeonDb'
PGUSER='doronlevy66'
PGPASSWORD='rIxEB9KuSV1T'
SSL_FALSE='true'
JWT_SECRET='Avinoamyakar'
JWT_EXPIRES_IN='45d'
REFRESH_TOKEN_EXPIRES_IN='180d'
PORT=9090

# SMTP (payment confirmation emails)
SMTP_HOST='smtp.gmail.com'
SMTP_PORT=587
SMTP_USER='doronlevy662@gmail.com'
SMTP_PASS='gonk xony zzlr mkrh'
